// !$*UTF8*$!
{
	archiveVersion = 1;
	classes = {
	};
	objectVersion = 56;
	objects = {

/* Begin PBXBuildFile section */
		6D05F9F529413B2B009F5E06 /* SearchAlertController.swift in Sources */ = {isa = PBXBuildFile; fileRef = 6D05F9F429413B2B009F5E06 /* SearchAlertController.swift */; };
		6D2EB1FD2943230C000461D7 /* ListOfCitiesTableViewCell.swift in Sources */ = {isa = PBXBuildFile; fileRef = 6D2EB1FC2943230C000461D7 /* ListOfCitiesTableViewCell.swift */; };
		6D497E772940FFC400FF5706 /* AppDelegate.swift in Sources */ = {isa = PBXBuildFile; fileRef = 6D497E762940FFC400FF5706 /* AppDelegate.swift */; };
		6D497E792940FFC400FF5706 /* SceneDelegate.swift in Sources */ = {isa = PBXBuildFile; fileRef = 6D497E782940FFC400FF5706 /* SceneDelegate.swift */; };
		6D497E7B2940FFC400FF5706 /* ManeViewController.swift in Sources */ = {isa = PBXBuildFile; fileRef = 6D497E7A2940FFC400FF5706 /* ManeViewController.swift */; };
		6D497E802940FFC500FF5706 /* Assets.xcassets in Resources */ = {isa = PBXBuildFile; fileRef = 6D497E7F2940FFC500FF5706 /* Assets.xcassets */; };
		6D497E832940FFC500FF5706 /* LaunchScreen.storyboard in Resources */ = {isa = PBXBuildFile; fileRef = 6D497E812940FFC500FF5706 /* LaunchScreen.storyboard */; };
		6D71CFE82941020100380033 /* CreateView.swift in Sources */ = {isa = PBXBuildFile; fileRef = 6D71CFE72941020100380033 /* CreateView.swift */; };
		6DCFCAE82941FAFC00650CA9 /* NetworkWeatherManager.swift in Sources */ = {isa = PBXBuildFile; fileRef = 6DCFCAE72941FAFC00650CA9 /* NetworkWeatherManager.swift */; };
		6DCFCAEA2941FEB600650CA9 /* Constants.swift in Sources */ = {isa = PBXBuildFile; fileRef = 6DCFCAE92941FEB600650CA9 /* Constants.swift */; };
		6DCFCAEC29420A2000650CA9 /* CurrentWeatherData.swift in Sources */ = {isa = PBXBuildFile; fileRef = 6DCFCAEB29420A2000650CA9 /* CurrentWeatherData.swift */; };
		6DCFCAEE29420F4500650CA9 /* CurrentWeather.swift in Sources */ = {isa = PBXBuildFile; fileRef = 6DCFCAED29420F4500650CA9 /* CurrentWeather.swift */; };
		6DCFCAF02942751000650CA9 /* UILabel.swift in Sources */ = {isa = PBXBuildFile; fileRef = 6DCFCAEF2942751000650CA9 /* UILabel.swift */; };
		6DCFCAF42942829100650CA9 /* ListOfCitiesViewController.swift in Sources */ = {isa = PBXBuildFile; fileRef = 6DCFCAF32942829100650CA9 /* ListOfCitiesViewController.swift */; };
/* End PBXBuildFile section */

/* Begin PBXFileReference section */
		6D05F9F429413B2B009F5E06 /* SearchAlertController.swift */ = {isa = PBXFileReference; lastKnownFileType = sourcecode.swift; path = SearchAlertController.swift; sourceTree = "<group>"; };
		6D2EB1FC2943230C000461D7 /* ListOfCitiesTableViewCell.swift */ = {isa = PBXFileReference; lastKnownFileType = sourcecode.swift; path = ListOfCitiesTableViewCell.swift; sourceTree = "<group>"; };
		6D497E732940FFC400FF5706 /* Weather.app */ = {isa = PBXFileReference; explicitFileType = wrapper.application; includeInIndex = 0; path = Weather.app; sourceTree = BUILT_PRODUCTS_DIR; };
		6D497E762940FFC400FF5706 /* AppDelegate.swift */ = {isa = PBXFileReference; lastKnownFileType = sourcecode.swift; path = AppDelegate.swift; sourceTree = "<group>"; };
		6D497E782940FFC400FF5706 /* SceneDelegate.swift */ = {isa = PBXFileReference; lastKnownFileType = sourcecode.swift; path = SceneDelegate.swift; sourceTree = "<group>"; };
		6D497E7A2940FFC400FF5706 /* ManeViewController.swift */ = {isa = PBXFileReference; lastKnownFileType = sourcecode.swift; path = ManeViewController.swift; sourceTree = "<group>"; };
		6D497E7F2940FFC500FF5706 /* Assets.xcassets */ = {isa = PBXFileReference; lastKnownFileType = folder.assetcatalog; path = Assets.xcassets; sourceTree = "<group>"; };
		6D497E822940FFC500FF5706 /* Base */ = {isa = PBXFileReference; lastKnownFileType = file.storyboard; name = Base; path = Base.lproj/LaunchScreen.storyboard; sourceTree = "<group>"; };
		6D497E842940FFC500FF5706 /* Info.plist */ = {isa = PBXFileReference; lastKnownFileType = text.plist.xml; path = Info.plist; sourceTree = "<group>"; };
		6D71CFE72941020100380033 /* CreateView.swift */ = {isa = PBXFileReference; lastKnownFileType = sourcecode.swift; path = CreateView.swift; sourceTree = "<group>"; };
		6DCFCAE72941FAFC00650CA9 /* NetworkWeatherManager.swift */ = {isa = PBXFileReference; lastKnownFileType = sourcecode.swift; path = NetworkWeatherManager.swift; sourceTree = "<group>"; };
		6DCFCAE92941FEB600650CA9 /* Constants.swift */ = {isa = PBXFileReference; lastKnownFileType = sourcecode.swift; path = Constants.swift; sourceTree = "<group>"; };
		6DCFCAEB29420A2000650CA9 /* CurrentWeatherData.swift */ = {isa = PBXFileReference; lastKnownFileType = sourcecode.swift; path = CurrentWeatherData.swift; sourceTree = "<group>"; };
		6DCFCAED29420F4500650CA9 /* CurrentWeather.swift */ = {isa = PBXFileReference; lastKnownFileType = sourcecode.swift; path = CurrentWeather.swift; sourceTree = "<group>"; };
		6DCFCAEF2942751000650CA9 /* UILabel.swift */ = {isa = PBXFileReference; lastKnownFileType = sourcecode.swift; path = UILabel.swift; sourceTree = "<group>"; };
		6DCFCAF32942829100650CA9 /* ListOfCitiesViewController.swift */ = {isa = PBXFileReference; lastKnownFileType = sourcecode.swift; path = ListOfCitiesViewController.swift; sourceTree = "<group>"; };
/* End PBXFileReference section */

/* Begin PBXFrameworksBuildPhase section */
		6D497E702940FFC400FF5706 /* Frameworks */ = {
			isa = PBXFrameworksBuildPhase;
			buildActionMask = 2147483647;
			files = (
			);
			runOnlyForDeploymentPostprocessing = 0;
		};
/* End PBXFrameworksBuildPhase section */

/* Begin PBXGroup section */
		6D2EB1FB294322FC000461D7 /* Cell */ = {
			isa = PBXGroup;
			children = (
				6D2EB1FC2943230C000461D7 /* ListOfCitiesTableViewCell.swift */,
			);
			path = Cell;
			sourceTree = "<group>";
		};
		6D497E6A2940FFC400FF5706 = {
			isa = PBXGroup;
			children = (
				6D497E752940FFC400FF5706 /* Weather */,
				6D497E742940FFC400FF5706 /* Products */,
			);
			sourceTree = "<group>";
		};
		6D497E742940FFC400FF5706 /* Products */ = {
			isa = PBXGroup;
			children = (
				6D497E732940FFC400FF5706 /* Weather.app */,
			);
			name = Products;
			sourceTree = "<group>";
		};
		6D497E752940FFC400FF5706 /* Weather */ = {
			isa = PBXGroup;
			children = (
				6D71CFE6294101D700380033 /* Extensions */,
				6D71CFE5294101CF00380033 /* Views */,
				6D71CFE4294101B800380033 /* Models */,
				6D71CFE32941019600380033 /* View Controllers */,
				6D2EB1FB294322FC000461D7 /* Cell */,
				6D71CFE22941017C00380033 /* Supporting Files */,
				6D497E7F2940FFC500FF5706 /* Assets.xcassets */,
				6D497E812940FFC500FF5706 /* LaunchScreen.storyboard */,
				6D497E842940FFC500FF5706 /* Info.plist */,
			);
			path = Weather;
			sourceTree = "<group>";
		};
		6D71CFE22941017C00380033 /* Supporting Files */ = {
			isa = PBXGroup;
			children = (
				6D497E762940FFC400FF5706 /* AppDelegate.swift */,
				6D497E782940FFC400FF5706 /* SceneDelegate.swift */,
				6DCFCAE92941FEB600650CA9 /* Constants.swift */,
			);
			path = "Supporting Files";
			sourceTree = "<group>";
		};
		6D71CFE32941019600380033 /* View Controllers */ = {
			isa = PBXGroup;
			children = (
				6D497E7A2940FFC400FF5706 /* ManeViewController.swift */,
				6DCFCAF32942829100650CA9 /* ListOfCitiesViewController.swift */,
			);
			path = "View Controllers";
			sourceTree = "<group>";
		};
		6D71CFE4294101B800380033 /* Models */ = {
			isa = PBXGroup;
			children = (
				6DCFCAE72941FAFC00650CA9 /* NetworkWeatherManager.swift */,
				6DCFCAEB29420A2000650CA9 /* CurrentWeatherData.swift */,
				6DCFCAED29420F4500650CA9 /* CurrentWeather.swift */,
			);
			path = Models;
			sourceTree = "<group>";
		};
		6D71CFE5294101CF00380033 /* Views */ = {
			isa = PBXGroup;
			children = (
				6D71CFE72941020100380033 /* CreateView.swift */,
			);
			path = Views;
			sourceTree = "<group>";
		};
		6D71CFE6294101D700380033 /* Extensions */ = {
			isa = PBXGroup;
			children = (
				6D05F9F429413B2B009F5E06 /* SearchAlertController.swift */,
				6DCFCAEF2942751000650CA9 /* UILabel.swift */,
			);
			path = Extensions;
			sourceTree = "<group>";
		};
/* End PBXGroup section */

/* Begin PBXNativeTarget section */
		6D497E722940FFC400FF5706 /* Weather */ = {
			isa = PBXNativeTarget;
			buildConfigurationList = 6D497E872940FFC500FF5706 /* Build configuration list for PBXNativeTarget "Weather" */;
			buildPhases = (
				6D497E6F2940FFC400FF5706 /* Sources */,
				6D497E702940FFC400FF5706 /* Frameworks */,
				6D497E712940FFC400FF5706 /* Resources */,
			);
			buildRules = (
			);
			dependencies = (
			);
			name = Weather;
			productName = Weather;
			productReference = 6D497E732940FFC400FF5706 /* Weather.app */;
			productType = "com.apple.product-type.application";
		};
/* End PBXNativeTarget section */

/* Begin PBXProject section */
		6D497E6B2940FFC400FF5706 /* Project object */ = {
			isa = PBXProject;
			attributes = {
				BuildIndependentTargetsInParallel = 1;
				LastSwiftUpdateCheck = 1410;
				LastUpgradeCheck = 1410;
				TargetAttributes = {
					6D497E722940FFC400FF5706 = {
						CreatedOnToolsVersion = 14.1;
					};
				};
			};
			buildConfigurationList = 6D497E6E2940FFC400FF5706 /* Build configuration list for PBXProject "Weather" */;
			compatibilityVersion = "Xcode 14.0";
			developmentRegion = en;
			hasScannedForEncodings = 0;
			knownRegions = (
				en,
				Base,
			);
			mainGroup = 6D497E6A2940FFC400FF5706;
			productRefGroup = 6D497E742940FFC400FF5706 /* Products */;
			projectDirPath = "";
			projectRoot = "";
			targets = (
				6D497E722940FFC400FF5706 /* Weather */,
			);
		};
/* End PBXProject section */

/* Begin PBXResourcesBuildPhase section */
		6D497E712940FFC400FF5706 /* Resources */ = {
			isa = PBXResourcesBuildPhase;
			buildActionMask = 2147483647;
			files = (
				6D497E832940FFC500FF5706 /* LaunchScreen.storyboard in Resources */,
				6D497E802940FFC500FF5706 /* Assets.xcassets in Resources */,
			);
			runOnlyForDeploymentPostprocessing = 0;
		};
/* End PBXResourcesBuildPhase section */

/* Begin PBXSourcesBuildPhase section */
		6D497E6F2940FFC400FF5706 /* Sources */ = {
			isa = PBXSourcesBuildPhase;
			buildActionMask = 2147483647;
			files = (
				6DCFCAF02942751000650CA9 /* UILabel.swift in Sources */,
				6DCFCAEC29420A2000650CA9 /* CurrentWeatherData.swift in Sources */,
				6D497E7B2940FFC400FF5706 /* ManeViewController.swift in Sources */,
				6D497E772940FFC400FF5706 /* AppDelegate.swift in Sources */,
				6D71CFE82941020100380033 /* CreateView.swift in Sources */,
				6DCFCAEE29420F4500650CA9 /* CurrentWeather.swift in Sources */,
				6DCFCAE82941FAFC00650CA9 /* NetworkWeatherManager.swift in Sources */,
				6D2EB1FD2943230C000461D7 /* ListOfCitiesTableViewCell.swift in Sources */,
				6DCFCAF42942829100650CA9 /* ListOfCitiesViewController.swift in Sources */,
				6DCFCAEA2941FEB600650CA9 /* Constants.swift in Sources */,
				6D05F9F529413B2B009F5E06 /* SearchAlertController.swift in Sources */,
				6D497E792940FFC400FF5706 /* SceneDelegate.swift in Sources */,
			);
			runOnlyForDeploymentPostprocessing = 0;
		};
/* End PBXSourcesBuildPhase section */

/* Begin PBXVariantGroup section */
		6D497E812940FFC500FF5706 /* LaunchScreen.storyboard */ = {
			isa = PBXVariantGroup;
			children = (
				6D497E822940FFC500FF5706 /* Base */,
			);
			name = LaunchScreen.storyboard;
			sourceTree = "<group>";
		};
/* End PBXVariantGroup section */

/* Begin XCBuildConfiguration section */
		6D497E852940FFC500FF5706 /* Debug */ = {
			isa = XCBuildConfiguration;
			buildSettings = {
				ALWAYS_SEARCH_USER_PATHS = NO;
				CLANG_ANALYZER_NONNULL = YES;
				CLANG_ANALYZER_NUMBER_OBJECT_CONVERSION = YES_AGGRESSIVE;
				CLANG_CXX_LANGUAGE_STANDARD = "gnu++20";
				CLANG_ENABLE_MODULES = YES;
				CLANG_ENABLE_OBJC_ARC = YES;
				CLANG_ENABLE_OBJC_WEAK = YES;
				CLANG_WARN_BLOCK_CAPTURE_AUTORELEASING = YES;
				CLANG_WARN_BOOL_CONVERSION = YES;
				CLANG_WARN_COMMA = YES;
				CLANG_WARN_CONSTANT_CONVERSION = YES;
				CLANG_WARN_DEPRECATED_OBJC_IMPLEMENTATIONS = YES;
				CLANG_WARN_DIRECT_OBJC_ISA_USAGE = YES_ERROR;
				CLANG_WARN_DOCUMENTATION_COMMENTS = YES;
				CLANG_WARN_EMPTY_BODY = YES;
				CLANG_WARN_ENUM_CONVERSION = YES;
				CLANG_WARN_INFINITE_RECURSION = YES;
				CLANG_WARN_INT_CONVERSION = YES;
				CLANG_WARN_NON_LITERAL_NULL_CONVERSION = YES;
				CLANG_WARN_OBJC_IMPLICIT_RETAIN_SELF = YES;
				CLANG_WARN_OBJC_LITERAL_CONVERSION = YES;
				CLANG_WARN_OBJC_ROOT_CLASS = YES_ERROR;
				CLANG_WARN_QUOTED_INCLUDE_IN_FRAMEWORK_HEADER = YES;
				CLANG_WARN_RANGE_LOOP_ANALYSIS = YES;
				CLANG_WARN_STRICT_PROTOTYPES = YES;
				CLANG_WARN_SUSPICIOUS_MOVE = YES;
				CLANG_WARN_UNGUARDED_AVAILABILITY = YES_AGGRESSIVE;
				CLANG_WARN_UNREACHABLE_CODE = YES;
				CLANG_WARN__DUPLICATE_METHOD_MATCH = YES;
				COPY_PHASE_STRIP = NO;
				DEBUG_INFORMATION_FORMAT = dwarf;
				ENABLE_STRICT_OBJC_MSGSEND = YES;
				ENABLE_TESTABILITY = YES;
				GCC_C_LANGUAGE_STANDARD = gnu11;
				GCC_DYNAMIC_NO_PIC = NO;
				GCC_NO_COMMON_BLOCKS = YES;
				GCC_OPTIMIZATION_LEVEL = 0;
				GCC_PREPROCESSOR_DEFINITIONS = (
					"DEBUG=1",
					"$(inherited)",
				);
				GCC_WARN_64_TO_32_BIT_CONVERSION = YES;
				GCC_WARN_ABOUT_RETURN_TYPE = YES_ERROR;
				GCC_WARN_UNDECLARED_SELECTOR = YES;
				GCC_WARN_UNINITIALIZED_AUTOS = YES_AGGRESSIVE;
				GCC_WARN_UNUSED_FUNCTION = YES;
				GCC_WARN_UNUSED_VARIABLE = YES;
				IPHONEOS_DEPLOYMENT_TARGET = 16.1;
				MTL_ENABLE_DEBUG_INFO = INCLUDE_SOURCE;
				MTL_FAST_MATH = YES;
				ONLY_ACTIVE_ARCH = YES;
				SDKROOT = iphoneos;
				SWIFT_ACTIVE_COMPILATION_CONDITIONS = DEBUG;
				SWIFT_OPTIMIZATION_LEVEL = "-Onone";
			};
			name = Debug;
		};
		6D497E862940FFC500FF5706 /* Release */ = {
			isa = XCBuildConfiguration;
			buildSettings = {
				ALWAYS_SEARCH_USER_PATHS = NO;
				CLANG_ANALYZER_NONNULL = YES;
				CLANG_ANALYZER_NUMBER_OBJECT_CONVERSION = YES_AGGRESSIVE;
				CLANG_CXX_LANGUAGE_STANDARD = "gnu++20";
				CLANG_ENABLE_MODULES = YES;
				CLANG_ENABLE_OBJC_ARC = YES;
				CLANG_ENABLE_OBJC_WEAK = YES;
				CLANG_WARN_BLOCK_CAPTURE_AUTORELEASING = YES;
				CLANG_WARN_BOOL_CONVERSION = YES;
				CLANG_WARN_COMMA = YES;
				CLANG_WARN_CONSTANT_CONVERSION = YES;
				CLANG_WARN_DEPRECATED_OBJC_IMPLEMENTATIONS = YES;
				CLANG_WARN_DIRECT_OBJC_ISA_USAGE = YES_ERROR;
				CLANG_WARN_DOCUMENTATION_COMMENTS = YES;
				CLANG_WARN_EMPTY_BODY = YES;
				CLANG_WARN_ENUM_CONVERSION = YES;
				CLANG_WARN_INFINITE_RECURSION = YES;
				CLANG_WARN_INT_CONVERSION = YES;
				CLANG_WARN_NON_LITERAL_NULL_CONVERSION = YES;
				CLANG_WARN_OBJC_IMPLICIT_RETAIN_SELF = YES;
				CLANG_WARN_OBJC_LITERAL_CONVERSION = YES;
				CLANG_WARN_OBJC_ROOT_CLASS = YES_ERROR;
				CLANG_WARN_QUOTED_INCLUDE_IN_FRAMEWORK_HEADER = YES;
				CLANG_WARN_RANGE_LOOP_ANALYSIS = YES;
				CLANG_WARN_STRICT_PROTOTYPES = YES;
				CLANG_WARN_SUSPICIOUS_MOVE = YES;
				CLANG_WARN_UNGUARDED_AVAILABILITY = YES_AGGRESSIVE;
				CLANG_WARN_UNREACHABLE_CODE = YES;
				CLANG_WARN__DUPLICATE_METHOD_MATCH = YES;
				COPY_PHASE_STRIP = NO;
				DEBUG_INFORMATION_FORMAT = "dwarf-with-dsym";
				ENABLE_NS_ASSERTIONS = NO;
				ENABLE_STRICT_OBJC_MSGSEND = YES;
				GCC_C_LANGUAGE_STANDARD = gnu11;
				GCC_NO_COMMON_BLOCKS = YES;
				GCC_WARN_64_TO_32_BIT_CONVERSION = YES;
				GCC_WARN_ABOUT_RETURN_TYPE = YES_ERROR;
				GCC_WARN_UNDECLARED_SELECTOR = YES;
				GCC_WARN_UNINITIALIZED_AUTOS = YES_AGGRESSIVE;
				GCC_WARN_UNUSED_FUNCTION = YES;
				GCC_WARN_UNUSED_VARIABLE = YES;
				IPHONEOS_DEPLOYMENT_TARGET = 16.1;
				MTL_ENABLE_DEBUG_INFO = NO;
				MTL_FAST_MATH = YES;
				SDKROOT = iphoneos;
				SWIFT_COMPILATION_MODE = wholemodule;
				SWIFT_OPTIMIZATION_LEVEL = "-O";
				VALIDATE_PRODUCT = YES;
			};
			name = Release;
		};
		6D497E882940FFC500FF5706 /* Debug */ = {
			isa = XCBuildConfiguration;
			buildSettings = {
				ASSETCATALOG_COMPILER_APPICON_NAME = AppIcon;
				ASSETCATALOG_COMPILER_GLOBAL_ACCENT_COLOR_NAME = AccentColor;
				CODE_SIGN_STYLE = Automatic;
				CURRENT_PROJECT_VERSION = 1;
				DEVELOPMENT_TEAM = LVNA3L38CZ;
				GENERATE_INFOPLIST_FILE = YES;
				INFOPLIST_FILE = Weather/Info.plist;
				INFOPLIST_KEY_UIApplicationSupportsIndirectInputEvents = YES;
				INFOPLIST_KEY_UILaunchStoryboardName = LaunchScreen;
				INFOPLIST_KEY_UISupportedInterfaceOrientations_iPad = "UIInterfaceOrientationPortrait UIInterfaceOrientationPortraitUpsideDown UIInterfaceOrientationLandscapeLeft UIInterfaceOrientationLandscapeRight";
				INFOPLIST_KEY_UISupportedInterfaceOrientations_iPhone = "UIInterfaceOrientationPortrait UIInterfaceOrientationLandscapeLeft UIInterfaceOrientationLandscapeRight";
				LD_RUNPATH_SEARCH_PATHS = (
					"$(inherited)",
					"@executable_path/Frameworks",
				);
				MARKETING_VERSION = 1.0;
				PRODUCT_BUNDLE_IDENTIFIER = com.appYa.Weather;
				PRODUCT_NAME = "$(TARGET_NAME)";
				SWIFT_EMIT_LOC_STRINGS = YES;
				SWIFT_VERSION = 5.0;
				TARGETED_DEVICE_FAMILY = "1,2";
			};
			name = Debug;
		};
		6D497E892940FFC500FF5706 /* Release */ = {
			isa = XCBuildConfiguration;
			buildSettings = {
				ASSETCATALOG_COMPILER_APPICON_NAME = AppIcon;
				ASSETCATALOG_COMPILER_GLOBAL_ACCENT_COLOR_NAME = AccentColor;
				CODE_SIGN_STYLE = Automatic;
				CURRENT_PROJECT_VERSION = 1;
				DEVELOPMENT_TEAM = LVNA3L38CZ;
				GENERATE_INFOPLIST_FILE = YES;
				INFOPLIST_FILE = Weather/Info.plist;
				INFOPLIST_KEY_UIApplicationSupportsIndirectInputEvents = YES;
				INFOPLIST_KEY_UILaunchStoryboardName = LaunchScreen;
				INFOPLIST_KEY_UISupportedInterfaceOrientations_iPad = "UIInterfaceOrientationPortrait UIInterfaceOrientationPortraitUpsideDown UIInterfaceOrientationLandscapeLeft UIInterfaceOrientationLandscapeRight";
				INFOPLIST_KEY_UISupportedInterfaceOrientations_iPhone = "UIInterfaceOrientationPortrait UIInterfaceOrientationLandscapeLeft UIInterfaceOrientationLandscapeRight";
				LD_RUNPATH_SEARCH_PATHS = (
					"$(inherited)",
					"@executable_path/Frameworks",
				);
				MARKETING_VERSION = 1.0;
				PRODUCT_BUNDLE_IDENTIFIER = com.appYa.Weather;
				PRODUCT_NAME = "$(TARGET_NAME)";
				SWIFT_EMIT_LOC_STRINGS = YES;
				SWIFT_VERSION = 5.0;
				TARGETED_DEVICE_FAMILY = "1,2";
			};
			name = Release;
		};
/* End XCBuildConfiguration section */

/* Begin XCConfigurationList section */
		6D497E6E2940FFC400FF5706 /* Build configuration list for PBXProject "Weather" */ = {
			isa = XCConfigurationList;
			buildConfigurations = (
				6D497E852940FFC500FF5706 /* Debug */,
				6D497E862940FFC500FF5706 /* Release */,
			);
			defaultConfigurationIsVisible = 0;
			defaultConfigurationName = Release;
		};
		6D497E872940FFC500FF5706 /* Build configuration list for PBXNativeTarget "Weather" */ = {
			isa = XCConfigurationList;
			buildConfigurations = (
				6D497E882940FFC500FF5706 /* Debug */,
				6D497E892940FFC500FF5706 /* Release */,
			);
			defaultConfigurationIsVisible = 0;
			defaultConfigurationName = Release;
		};
/* End XCConfigurationList section */
	};
	rootObject = 6D497E6B2940FFC400FF5706 /* Project object */;
}
